github.com/google/uuid v1.3.0 h1:t6JiXgmwXMjEs8VusXIJk2BXHsn+wx8BZdTaoZ5fu7I=
github.com/google/uuid v1.3.0/go.mod h1:TIyPZe4MgqvfeYDBFedMoGGpEw/LqOeaOT+nhxU+yHo=
gopkg.in/validator.v2 v2.0.0-20210331031555-b37d688a7fb0 h1:EFLtLCwd8tGN+r/ePz3cvRtdsfYNhDEdt/vp6qsT+0A=
gopkg.in/validator.v2 v2.0.0-20210331031555-b37d688a7fb0/go.mod h1:o4V0GXN9/CAmCsvJ0oXYZvrZOe7syiDZSN1GWGZTGzc=
